// !$*UTF8*$!
{
	archiveVersion = 1;
	classes = {
	};
	objectVersion = 46;
	objects = {

/* Begin PBXBuildFile section */
		DD0079871D2C712700E00051 /* Joke.swift in Sources */ = {isa = PBXBuildFile; fileRef = DD0079861D2C712700E00051 /* Joke.swift */; };
		DD2E80131C5B00840059C0E5 /* ColorModel.swift in Sources */ = {isa = PBXBuildFile; fileRef = DD2E80121C5B00840059C0E5 /* ColorModel.swift */; };
		DD77D3321D51638600FD5377 /* FavedJokeViewController.swift in Sources */ = {isa = PBXBuildFile; fileRef = DD77D3311D51638600FD5377 /* FavedJokeViewController.swift */; };
		DD7C72D81D36D6AD00B39D87 /* punch_edit.mp3 in Resources */ = {isa = PBXBuildFile; fileRef = DD7C72D71D36D6AD00B39D87 /* punch_edit.mp3 */; };
		DD874E501D3EB8C20044369F /* FavsListTableViewController.swift in Sources */ = {isa = PBXBuildFile; fileRef = DD874E4F1D3EB8C20044369F /* FavsListTableViewController.swift */; };
		DD874E521D3ED5410044369F /* JokeController.swift in Sources */ = {isa = PBXBuildFile; fileRef = DD874E511D3ED5410044369F /* JokeController.swift */; };
		DD874E5E1D4FD7510044369F /* SettingsTableViewController.swift in Sources */ = {isa = PBXBuildFile; fileRef = DD874E5D1D4FD7510044369F /* SettingsTableViewController.swift */; };
		DD874E631D513A4A0044369F /* UIColor+AppColorPalette.swift in Sources */ = {isa = PBXBuildFile; fileRef = DD874E611D513A4A0044369F /* UIColor+AppColorPalette.swift */; };
		DD874E641D513A4A0044369F /* AppearanceController.swift in Sources */ = {isa = PBXBuildFile; fileRef = DD874E621D513A4A0044369F /* AppearanceController.swift */; };
		DD874E661D5145D80044369F /* DOFavoriteButton.swift in Sources */ = {isa = PBXBuildFile; fileRef = DD874E651D5145D80044369F /* DOFavoriteButton.swift */; };
		DD90B3AF1C59D4AB008B21EE /* AppDelegate.swift in Sources */ = {isa = PBXBuildFile; fileRef = DD90B3AE1C59D4AB008B21EE /* AppDelegate.swift */; };
		DD90B3B11C59D4AB008B21EE /* JokeViewController.swift in Sources */ = {isa = PBXBuildFile; fileRef = DD90B3B01C59D4AB008B21EE /* JokeViewController.swift */; };
		DD90B3B41C59D4AB008B21EE /* Main.storyboard in Resources */ = {isa = PBXBuildFile; fileRef = DD90B3B21C59D4AB008B21EE /* Main.storyboard */; };
		DD90B3B61C59D4AB008B21EE /* Assets.xcassets in Resources */ = {isa = PBXBuildFile; fileRef = DD90B3B51C59D4AB008B21EE /* Assets.xcassets */; };
		DD90B3B91C59D4AB008B21EE /* LaunchScreen.storyboard in Resources */ = {isa = PBXBuildFile; fileRef = DD90B3B71C59D4AB008B21EE /* LaunchScreen.storyboard */; };
		DDDF19AF1D344A39001A45A5 /* RoundButton.swift in Sources */ = {isa = PBXBuildFile; fileRef = DDDF19AE1D344A39001A45A5 /* RoundButton.swift */; };
		DDDF19B31D3455A9001A45A5 /* Adventure.otf in Resources */ = {isa = PBXBuildFile; fileRef = DDDF19B21D3455A9001A45A5 /* Adventure.otf */; };
		DDDF19B51D345BD7001A45A5 /* Adventure Hollow.otf in Resources */ = {isa = PBXBuildFile; fileRef = DDDF19B41D345BD7001A45A5 /* Adventure Hollow.otf */; };
/* End PBXBuildFile section */

/* Begin PBXFileReference section */
		DD0079861D2C712700E00051 /* Joke.swift */ = {isa = PBXFileReference; fileEncoding = 4; lastKnownFileType = sourcecode.swift; path = Joke.swift; sourceTree = "<group>"; };
		DD2E80121C5B00840059C0E5 /* ColorModel.swift */ = {isa = PBXFileReference; fileEncoding = 4; lastKnownFileType = sourcecode.swift; path = ColorModel.swift; sourceTree = "<group>"; };
		DD77D3311D51638600FD5377 /* FavedJokeViewController.swift */ = {isa = PBXFileReference; fileEncoding = 4; lastKnownFileType = sourcecode.swift; path = FavedJokeViewController.swift; sourceTree = "<group>"; };
		DD7C72D71D36D6AD00B39D87 /* punch_edit.mp3 */ = {isa = PBXFileReference; lastKnownFileType = audio.mp3; path = punch_edit.mp3; sourceTree = "<group>"; };
		DD874E4F1D3EB8C20044369F /* FavsListTableViewController.swift */ = {isa = PBXFileReference; fileEncoding = 4; lastKnownFileType = sourcecode.swift; path = FavsListTableViewController.swift; sourceTree = "<group>"; };
		DD874E511D3ED5410044369F /* JokeController.swift */ = {isa = PBXFileReference; fileEncoding = 4; lastKnownFileType = sourcecode.swift; path = JokeController.swift; sourceTree = "<group>"; };
		DD874E5D1D4FD7510044369F /* SettingsTableViewController.swift */ = {isa = PBXFileReference; fileEncoding = 4; lastKnownFileType = sourcecode.swift; path = SettingsTableViewController.swift; sourceTree = "<group>"; };
		DD874E611D513A4A0044369F /* UIColor+AppColorPalette.swift */ = {isa = PBXFileReference; fileEncoding = 4; lastKnownFileType = sourcecode.swift; path = "UIColor+AppColorPalette.swift"; sourceTree = "<group>"; };
		DD874E621D513A4A0044369F /* AppearanceController.swift */ = {isa = PBXFileReference; fileEncoding = 4; lastKnownFileType = sourcecode.swift; path = AppearanceController.swift; sourceTree = "<group>"; };
		DD874E651D5145D80044369F /* DOFavoriteButton.swift */ = {isa = PBXFileReference; fileEncoding = 4; lastKnownFileType = sourcecode.swift; path = DOFavoriteButton.swift; sourceTree = "<group>"; };
		DD90B3AB1C59D4AB008B21EE /* funFacts.app */ = {isa = PBXFileReference; explicitFileType = wrapper.application; includeInIndex = 0; path = funFacts.app; sourceTree = BUILT_PRODUCTS_DIR; };
		DD90B3AE1C59D4AB008B21EE /* AppDelegate.swift */ = {isa = PBXFileReference; lastKnownFileType = sourcecode.swift; path = AppDelegate.swift; sourceTree = "<group>"; };
		DD90B3B01C59D4AB008B21EE /* JokeViewController.swift */ = {isa = PBXFileReference; lastKnownFileType = sourcecode.swift; path = JokeViewController.swift; sourceTree = "<group>"; };
		DD90B3B31C59D4AB008B21EE /* Base */ = {isa = PBXFileReference; lastKnownFileType = file.storyboard; name = Base; path = Base.lproj/Main.storyboard; sourceTree = "<group>"; };
		DD90B3B51C59D4AB008B21EE /* Assets.xcassets */ = {isa = PBXFileReference; lastKnownFileType = folder.assetcatalog; path = Assets.xcassets; sourceTree = "<group>"; };
		DD90B3B81C59D4AB008B21EE /* Base */ = {isa = PBXFileReference; lastKnownFileType = file.storyboard; name = Base; path = Base.lproj/LaunchScreen.storyboard; sourceTree = "<group>"; };
		DD90B3BA1C59D4AB008B21EE /* Info.plist */ = {isa = PBXFileReference; lastKnownFileType = text.plist.xml; path = Info.plist; sourceTree = "<group>"; };
		DDDF19AE1D344A39001A45A5 /* RoundButton.swift */ = {isa = PBXFileReference; fileEncoding = 4; lastKnownFileType = sourcecode.swift; path = RoundButton.swift; sourceTree = "<group>"; };
		DDDF19B21D3455A9001A45A5 /* Adventure.otf */ = {isa = PBXFileReference; lastKnownFileType = file; path = Adventure.otf; sourceTree = "<group>"; };
		DDDF19B41D345BD7001A45A5 /* Adventure Hollow.otf */ = {isa = PBXFileReference; lastKnownFileType = file; path = "Adventure Hollow.otf"; sourceTree = "<group>"; };
/* End PBXFileReference section */

/* Begin PBXFrameworksBuildPhase section */
		DD90B3A81C59D4AB008B21EE /* Frameworks */ = {
			isa = PBXFrameworksBuildPhase;
			buildActionMask = 2147483647;
			files = (
			);
			runOnlyForDeploymentPostprocessing = 0;
		};
/* End PBXFrameworksBuildPhase section */

/* Begin PBXGroup section */
		DD90B3A21C59D4AB008B21EE = {
			isa = PBXGroup;
			children = (
				DD90B3AD1C59D4AB008B21EE /* funFacts */,
				DD90B3AC1C59D4AB008B21EE /* Products */,
			);
			sourceTree = "<group>";
		};
		DD90B3AC1C59D4AB008B21EE /* Products */ = {
			isa = PBXGroup;
			children = (
				DD90B3AB1C59D4AB008B21EE /* funFacts.app */,
			);
			name = Products;
			sourceTree = "<group>";
		};
		DD90B3AD1C59D4AB008B21EE /* funFacts */ = {
			isa = PBXGroup;
			children = (
				DD90B3AE1C59D4AB008B21EE /* AppDelegate.swift */,
				DD90B3B01C59D4AB008B21EE /* JokeViewController.swift */,
				DD2E80121C5B00840059C0E5 /* ColorModel.swift */,
				DD0079861D2C712700E00051 /* Joke.swift */,
				DD874E511D3ED5410044369F /* JokeController.swift */,
				DDDF19AE1D344A39001A45A5 /* RoundButton.swift */,
				DD90B3B21C59D4AB008B21EE /* Main.storyboard */,
				DD874E4F1D3EB8C20044369F /* FavsListTableViewController.swift */,
				DD874E5D1D4FD7510044369F /* SettingsTableViewController.swift */,
				DD77D3311D51638600FD5377 /* FavedJokeViewController.swift */,
				DD874E611D513A4A0044369F /* UIColor+AppColorPalette.swift */,
				DD874E621D513A4A0044369F /* AppearanceController.swift */,
				DD874E651D5145D80044369F /* DOFavoriteButton.swift */,
				DD90B3B51C59D4AB008B21EE /* Assets.xcassets */,
				DD7C72D71D36D6AD00B39D87 /* punch_edit.mp3 */,
				DDDF19B21D3455A9001A45A5 /* Adventure.otf */,
				DDDF19B41D345BD7001A45A5 /* Adventure Hollow.otf */,
				DD90B3B71C59D4AB008B21EE /* LaunchScreen.storyboard */,
				DD90B3BA1C59D4AB008B21EE /* Info.plist */,
			);
			path = funFacts;
			sourceTree = "<group>";
		};
/* End PBXGroup section */

/* Begin PBXNativeTarget section */
		DD90B3AA1C59D4AB008B21EE /* funFacts */ = {
			isa = PBXNativeTarget;
			buildConfigurationList = DD90B3BD1C59D4AB008B21EE /* Build configuration list for PBXNativeTarget "funFacts" */;
			buildPhases = (
				DD90B3A71C59D4AB008B21EE /* Sources */,
				DD90B3A81C59D4AB008B21EE /* Frameworks */,
				DD90B3A91C59D4AB008B21EE /* Resources */,
			);
			buildRules = (
			);
			dependencies = (
			);
			name = funFacts;
			productName = funFacts;
			productReference = DD90B3AB1C59D4AB008B21EE /* funFacts.app */;
			productType = "com.apple.product-type.application";
		};
/* End PBXNativeTarget section */

/* Begin PBXProject section */
		DD90B3A31C59D4AB008B21EE /* Project object */ = {
			isa = PBXProject;
			attributes = {
				LastSwiftUpdateCheck = 0720;
				LastUpgradeCheck = 0720;
				ORGANIZATIONNAME = "Parker Donat";
				TargetAttributes = {
					DD90B3AA1C59D4AB008B21EE = {
						CreatedOnToolsVersion = 7.2;
					};
				};
			};
			buildConfigurationList = DD90B3A61C59D4AB008B21EE /* Build configuration list for PBXProject "funFacts" */;
			compatibilityVersion = "Xcode 3.2";
			developmentRegion = English;
			hasScannedForEncodings = 0;
			knownRegions = (
				en,
				Base,
			);
			mainGroup = DD90B3A21C59D4AB008B21EE;
			productRefGroup = DD90B3AC1C59D4AB008B21EE /* Products */;
			projectDirPath = "";
			projectRoot = "";
			targets = (
				DD90B3AA1C59D4AB008B21EE /* funFacts */,
			);
		};
/* End PBXProject section */

/* Begin PBXResourcesBuildPhase section */
		DD90B3A91C59D4AB008B21EE /* Resources */ = {
			isa = PBXResourcesBuildPhase;
			buildActionMask = 2147483647;
			files = (
				DD90B3B91C59D4AB008B21EE /* LaunchScreen.storyboard in Resources */,
				DD7C72D81D36D6AD00B39D87 /* punch_edit.mp3 in Resources */,
				DD90B3B61C59D4AB008B21EE /* Assets.xcassets in Resources */,
				DDDF19B31D3455A9001A45A5 /* Adventure.otf in Resources */,
				DD90B3B41C59D4AB008B21EE /* Main.storyboard in Resources */,
				DDDF19B51D345BD7001A45A5 /* Adventure Hollow.otf in Resources */,
			);
			runOnlyForDeploymentPostprocessing = 0;
		};
/* End PBXResourcesBuildPhase section */

/* Begin PBXSourcesBuildPhase section */
		DD90B3A71C59D4AB008B21EE /* Sources */ = {
			isa = PBXSourcesBuildPhase;
			buildActionMask = 2147483647;
			files = (
				DD90B3B11C59D4AB008B21EE /* JokeViewController.swift in Sources */,
				DDDF19AF1D344A39001A45A5 /* RoundButton.swift in Sources */,
				DD874E631D513A4A0044369F /* UIColor+AppColorPalette.swift in Sources */,
				DD874E661D5145D80044369F /* DOFavoriteButton.swift in Sources */,
				DD77D3321D51638600FD5377 /* FavedJokeViewController.swift in Sources */,
				DD874E501D3EB8C20044369F /* FavsListTableViewController.swift in Sources */,
				DD90B3AF1C59D4AB008B21EE /* AppDelegate.swift in Sources */,
				DD874E5E1D4FD7510044369F /* SettingsTableViewController.swift in Sources */,
				DD0079871D2C712700E00051 /* Joke.swift in Sources */,
				DD874E641D513A4A0044369F /* AppearanceController.swift in Sources */,
				DD874E521D3ED5410044369F /* JokeController.swift in Sources */,
				DD2E80131C5B00840059C0E5 /* ColorModel.swift in Sources */,
			);
			runOnlyForDeploymentPostprocessing = 0;
		};
/* End PBXSourcesBuildPhase section */

/* Begin PBXVariantGroup section */
		DD90B3B21C59D4AB008B21EE /* Main.storyboard */ = {
			isa = PBXVariantGroup;
			children = (
				DD90B3B31C59D4AB008B21EE /* Base */,
			);
			name = Main.storyboard;
			sourceTree = "<group>";
		};
		DD90B3B71C59D4AB008B21EE /* LaunchScreen.storyboard */ = {
			isa = PBXVariantGroup;
			children = (
				DD90B3B81C59D4AB008B21EE /* Base */,
			);
			name = LaunchScreen.storyboard;
			sourceTree = "<group>";
		};
/* End PBXVariantGroup section */

/* Begin XCBuildConfiguration section */
		DD90B3BB1C59D4AB008B21EE /* Debug */ = {
			isa = XCBuildConfiguration;
			buildSettings = {
				ALWAYS_SEARCH_USER_PATHS = NO;
				CLANG_CXX_LANGUAGE_STANDARD = "gnu++0x";
				CLANG_CXX_LIBRARY = "libc++";
				CLANG_ENABLE_MODULES = YES;
				CLANG_ENABLE_OBJC_ARC = YES;
				CLANG_WARN_BOOL_CONVERSION = YES;
				CLANG_WARN_CONSTANT_CONVERSION = YES;
				CLANG_WARN_DIRECT_OBJC_ISA_USAGE = YES_ERROR;
				CLANG_WARN_EMPTY_BODY = YES;
				CLANG_WARN_ENUM_CONVERSION = YES;
				CLANG_WARN_INT_CONVERSION = YES;
				CLANG_WARN_OBJC_ROOT_CLASS = YES_ERROR;
				CLANG_WARN_UNREACHABLE_CODE = YES;
				CLANG_WARN__DUPLICATE_METHOD_MATCH = YES;
				"CODE_SIGN_IDENTITY[sdk=iphoneos*]" = "iPhone Developer";
				COPY_PHASE_STRIP = NO;
				DEBUG_INFORMATION_FORMAT = dwarf;
				ENABLE_STRICT_OBJC_MSGSEND = YES;
				ENABLE_TESTABILITY = YES;
				GCC_C_LANGUAGE_STANDARD = gnu99;
				GCC_DYNAMIC_NO_PIC = NO;
				GCC_NO_COMMON_BLOCKS = YES;
				GCC_OPTIMIZATION_LEVEL = 0;
				GCC_PREPROCESSOR_DEFINITIONS = (
					"DEBUG=1",
					"$(inherited)",
				);
				GCC_WARN_64_TO_32_BIT_CONVERSION = YES;
				GCC_WARN_ABOUT_RETURN_TYPE = YES_ERROR;
				GCC_WARN_UNDECLARED_SELECTOR = YES;
				GCC_WARN_UNINITIALIZED_AUTOS = YES_AGGRESSIVE;
				GCC_WARN_UNUSED_FUNCTION = YES;
				GCC_WARN_UNUSED_VARIABLE = YES;
				IPHONEOS_DEPLOYMENT_TARGET = 9.2;
				MTL_ENABLE_DEBUG_INFO = YES;
				ONLY_ACTIVE_ARCH = YES;
				SDKROOT = iphoneos;
				SWIFT_OPTIMIZATION_LEVEL = "-Onone";
			};
			name = Debug;
		};
		DD90B3BC1C59D4AB008B21EE /* Release */ = {
			isa = XCBuildConfiguration;
			buildSettings = {
				ALWAYS_SEARCH_USER_PATHS = NO;
				CLANG_CXX_LANGUAGE_STANDARD = "gnu++0x";
				CLANG_CXX_LIBRARY = "libc++";
				CLANG_ENABLE_MODULES = YES;
				CLANG_ENABLE_OBJC_ARC = YES;
				CLANG_WARN_BOOL_CONVERSION = YES;
				CLANG_WARN_CONSTANT_CONVERSION = YES;
				CLANG_WARN_DIRECT_OBJC_ISA_USAGE = YES_ERROR;
				CLANG_WARN_EMPTY_BODY = YES;
				CLANG_WARN_ENUM_CONVERSION = YES;
				CLANG_WARN_INT_CONVERSION = YES;
				CLANG_WARN_OBJC_ROOT_CLASS = YES_ERROR;
				CLANG_WARN_UNREACHABLE_CODE = YES;
				CLANG_WARN__DUPLICATE_METHOD_MATCH = YES;
				"CODE_SIGN_IDENTITY[sdk=iphoneos*]" = "iPhone Developer";
				COPY_PHASE_STRIP = NO;
				DEBUG_INFORMATION_FORMAT = "dwarf-with-dsym";
				ENABLE_NS_ASSERTIONS = NO;
				ENABLE_STRICT_OBJC_MSGSEND = YES;
				GCC_C_LANGUAGE_STANDARD = gnu99;
				GCC_NO_COMMON_BLOCKS = YES;
				GCC_WARN_64_TO_32_BIT_CONVERSION = YES;
				GCC_WARN_ABOUT_RETURN_TYPE = YES_ERROR;
				GCC_WARN_UNDECLARED_SELECTOR = YES;
				GCC_WARN_UNINITIALIZED_AUTOS = YES_AGGRESSIVE;
				GCC_WARN_UNUSED_FUNCTION = YES;
				GCC_WARN_UNUSED_VARIABLE = YES;
				IPHONEOS_DEPLOYMENT_TARGET = 9.2;
				MTL_ENABLE_DEBUG_INFO = NO;
				SDKROOT = iphoneos;
				VALIDATE_PRODUCT = YES;
			};
			name = Release;
		};
		DD90B3BE1C59D4AB008B21EE /* Debug */ = {
			isa = XCBuildConfiguration;
			buildSettings = {
				ASSETCATALOG_COMPILER_APPICON_NAME = AppIcon;
				INFOPLIST_FILE = funFacts/Info.plist;
				LD_RUNPATH_SEARCH_PATHS = "$(inherited) @executable_path/Frameworks";
				PRODUCT_BUNDLE_IDENTIFIER = parker.funFacts;
				PRODUCT_NAME = "$(TARGET_NAME)";
			};
			name = Debug;
		};
		DD90B3BF1C59D4AB008B21EE /* Release */ = {
			isa = XCBuildConfiguration;
			buildSettings = {
				ASSETCATALOG_COMPILER_APPICON_NAME = AppIcon;
				INFOPLIST_FILE = funFacts/Info.plist;
				LD_RUNPATH_SEARCH_PATHS = "$(inherited) @executable_path/Frameworks";
				PRODUCT_BUNDLE_IDENTIFIER = parker.funFacts;
				PRODUCT_NAME = "$(TARGET_NAME)";
			};
			name = Release;
		};
/* End XCBuildConfiguration section */

/* Begin XCConfigurationList section */
		DD90B3A61C59D4AB008B21EE /* Build configuration list for PBXProject "funFacts" */ = {
			isa = XCConfigurationList;
			buildConfigurations = (
				DD90B3BB1C59D4AB008B21EE /* Debug */,
				DD90B3BC1C59D4AB008B21EE /* Release */,
			);
			defaultConfigurationIsVisible = 0;
			defaultConfigurationName = Release;
		};
		DD90B3BD1C59D4AB008B21EE /* Build configuration list for PBXNativeTarget "funFacts" */ = {
			isa = XCConfigurationList;
			buildConfigurations = (
				DD90B3BE1C59D4AB008B21EE /* Debug */,
				DD90B3BF1C59D4AB008B21EE /* Release */,
			);
			defaultConfigurationIsVisible = 0;
			defaultConfigurationName = Release;
		};
/* End XCConfigurationList section */
	};
	rootObject = DD90B3A31C59D4AB008B21EE /* Project object */;
}
